
Microsoft Visual Studio Solution File, Format Version 12.00
# Visual Studio 15
VisualStudioVersion = 15.0.26124.0
MinimumVisualStudioVersion = 15.0.26124.0
Project("{2150E333-8FDC-42A3-9474-1A3956D46DE8}") = "src", "src", "{E0D2D664-C86B-49AD-BF9C-38034B5FE807}"
EndProject
Project("{FAE04EC0-301F-11D3-BF4B-00C04F79EFBC}") = "CodeDeckAPI", "src\CodeDeckAPI\CodeDeckAPI.csproj", "{9F7E60A7-5A01-4F9A-9155-A6B15B48237D}"
EndProject
Project("{2150E333-8FDC-42A3-9474-1A3956D46DE8}") = "test", "test", "{51034831-335A-45B3-AC08-04D1588D53CF}"
EndProject
Project("{FAE04EC0-301F-11D3-BF4B-00C04F79EFBC}") = "CodeDeckAPI.Tests", "test\CodeDeckAPI.Tests\CodeDeckAPI.Tests.csproj", "{1E12AF23-BCBD-4F37-8079-6EE2B90C44D0}"
EndProject
Global
	GlobalSection(SolutionConfigurationPlatforms) = preSolution
		Debug|Any CPU = Debug|Any CPU
		Debug|x64 = Debug|x64
		Debug|x86 = Debug|x86
		Release|Any CPU = Release|Any CPU
		Release|x64 = Release|x64
		Release|x86 = Release|x86
	EndGlobalSection
	GlobalSection(SolutionProperties) = preSolution
		HideSolutionNode = FALSE
	EndGlobalSection
	GlobalSection(ProjectConfigurationPlatforms) = postSolution
		{9F7E60A7-5A01-4F9A-9155-A6B15B48237D}.Debug|Any CPU.ActiveCfg = Debug|Any CPU
		{9F7E60A7-5A01-4F9A-9155-A6B15B48237D}.Debug|Any CPU.Build.0 = Debug|Any CPU
		{9F7E60A7-5A01-4F9A-9155-A6B15B48237D}.Debug|x64.ActiveCfg = Debug|Any CPU
		{9F7E60A7-5A01-4F9A-9155-A6B15B48237D}.Debug|x64.Build.0 = Debug|Any CPU
		{9F7E60A7-5A01-4F9A-9155-A6B15B48237D}.Debug|x86.ActiveCfg = Debug|Any CPU
		{9F7E60A7-5A01-4F9A-9155-A6B15B48237D}.Debug|x86.Build.0 = Debug|Any CPU
		{9F7E60A7-5A01-4F9A-9155-A6B15B48237D}.Release|Any CPU.ActiveCfg = Release|Any CPU
		{9F7E60A7-5A01-4F9A-9155-A6B15B48237D}.Release|Any CPU.Build.0 = Release|Any CPU
		{9F7E60A7-5A01-4F9A-9155-A6B15B48237D}.Release|x64.ActiveCfg = Release|Any CPU
		{9F7E60A7-5A01-4F9A-9155-A6B15B48237D}.Release|x64.Build.0 = Release|Any CPU
		{9F7E60A7-5A01-4F9A-9155-A6B15B48237D}.Release|x86.ActiveCfg = Release|Any CPU
		{9F7E60A7-5A01-4F9A-9155-A6B15B48237D}.Release|x86.Build.0 = Release|Any CPU
		{1E12AF23-BCBD-4F37-8079-6EE2B90C44D0}.Debug|Any CPU.ActiveCfg = Debug|Any CPU
		{1E12AF23-BCBD-4F37-8079-6EE2B90C44D0}.Debug|Any CPU.Build.0 = Debug|Any CPU
		{1E12AF23-BCBD-4F37-8079-6EE2B90C44D0}.Debug|x64.ActiveCfg = Debug|Any CPU
		{1E12AF23-BCBD-4F37-8079-6EE2B90C44D0}.Debug|x64.Build.0 = Debug|Any CPU
		{1E12AF23-BCBD-4F37-8079-6EE2B90C44D0}.Debug|x86.ActiveCfg = Debug|Any CPU
		{1E12AF23-BCBD-4F37-8079-6EE2B90C44D0}.Debug|x86.Build.0 = Debug|Any CPU
		{1E12AF23-BCBD-4F37-8079-6EE2B90C44D0}.Release|Any CPU.ActiveCfg = Release|Any CPU
		{1E12AF23-BCBD-4F37-8079-6EE2B90C44D0}.Release|Any CPU.Build.0 = Release|Any CPU
		{1E12AF23-BCBD-4F37-8079-6EE2B90C44D0}.Release|x64.ActiveCfg = Release|Any CPU
		{1E12AF23-BCBD-4F37-8079-6EE2B90C44D0}.Release|x64.Build.0 = Release|Any CPU
		{1E12AF23-BCBD-4F37-8079-6EE2B90C44D0}.Release|x86.ActiveCfg = Release|Any CPU
		{1E12AF23-BCBD-4F37-8079-6EE2B90C44D0}.Release|x86.Build.0 = Release|Any CPU
	EndGlobalSection
	GlobalSection(NestedProjects) = preSolution
		{9F7E60A7-5A01-4F9A-9155-A6B15B48237D} = {E0D2D664-C86B-49AD-BF9C-38034B5FE807}
		{1E12AF23-BCBD-4F37-8079-6EE2B90C44D0} = {51034831-335A-45B3-AC08-04D1588D53CF}
	EndGlobalSection
EndGlobal
